
Microsoft Visual Studio Solution File, Format Version 12.00
# Visual Studio Version 16
VisualStudioVersion = 16.0.28922.388
MinimumVisualStudioVersion = 10.0.40219.1
Project("{FAE04EC0-301F-11D3-BF4B-00C04F79EFBC}") = "TemplateApp.UWP", "TemplateApp\TemplateApp.UWP\TemplateApp.UWP.csproj", "{9929DC2D-C8D5-4200-BC27-969819FCA2AD}"
EndProject
Project("{FAE04EC0-301F-11D3-BF4B-00C04F79EFBC}") = "TemplateApp.Android", "TemplateApp\TemplateApp.Android\TemplateApp.Android.csproj", "{F3398531-3BB2-4AB9-8083-2A0F2FF61F17}"
EndProject
Project("{FAE04EC0-301F-11D3-BF4B-00C04F79EFBC}") = "TemplateApp.iOS", "TemplateApp\TemplateApp.iOS\TemplateApp.iOS.csproj", "{A3E0E57C-F57B-4173-9F76-D596C28EE474}"
EndProject
Project("{FAE04EC0-301F-11D3-BF4B-00C04F79EFBC}") = "TemplateApp", "TemplateApp\TemplateApp\TemplateApp.csproj", "{8C73B9CD-B7E3-4145-A045-8EB80324CDE3}"
EndProject
Global
	GlobalSection(SolutionConfigurationPlatforms) = preSolution
		Debug|Any CPU = Debug|Any CPU
		Debug|ARM = Debug|ARM
		Debug|iPhone = Debug|iPhone
		Debug|iPhoneSimulator = Debug|iPhoneSimulator
		Debug|x64 = Debug|x64
		Debug|x86 = Debug|x86
		Release|Any CPU = Release|Any CPU
		Release|ARM = Release|ARM
		Release|iPhone = Release|iPhone
		Release|iPhoneSimulator = Release|iPhoneSimulator
		Release|x64 = Release|x64
		Release|x86 = Release|x86
	EndGlobalSection
	GlobalSection(ProjectConfigurationPlatforms) = postSolution
		{9929DC2D-C8D5-4200-BC27-969819FCA2AD}.Debug|Any CPU.ActiveCfg = Debug|x86
		{9929DC2D-C8D5-4200-BC27-969819FCA2AD}.Debug|Any CPU.Build.0 = Debug|x86
		{9929DC2D-C8D5-4200-BC27-969819FCA2AD}.Debug|Any CPU.Deploy.0 = Debug|x86
		{9929DC2D-C8D5-4200-BC27-969819FCA2AD}.Debug|ARM.ActiveCfg = Debug|ARM
		{9929DC2D-C8D5-4200-BC27-969819FCA2AD}.Debug|ARM.Build.0 = Debug|ARM
		{9929DC2D-C8D5-4200-BC27-969819FCA2AD}.Debug|ARM.Deploy.0 = Debug|ARM
		{9929DC2D-C8D5-4200-BC27-969819FCA2AD}.Debug|iPhone.ActiveCfg = Debug|x86
		{9929DC2D-C8D5-4200-BC27-969819FCA2AD}.Debug|iPhone.Build.0 = Debug|x86
		{9929DC2D-C8D5-4200-BC27-969819FCA2AD}.Debug|iPhone.Deploy.0 = Debug|x86
		{9929DC2D-C8D5-4200-BC27-969819FCA2AD}.Debug|iPhoneSimulator.ActiveCfg = Debug|x86
		{9929DC2D-C8D5-4200-BC27-969819FCA2AD}.Debug|iPhoneSimulator.Build.0 = Debug|x86
		{9929DC2D-C8D5-4200-BC27-969819FCA2AD}.Debug|iPhoneSimulator.Deploy.0 = Debug|x86
		{9929DC2D-C8D5-4200-BC27-969819FCA2AD}.Debug|x64.ActiveCfg = Debug|x64
		{9929DC2D-C8D5-4200-BC27-969819FCA2AD}.Debug|x64.Build.0 = Debug|x64
		{9929DC2D-C8D5-4200-BC27-969819FCA2AD}.Debug|x64.Deploy.0 = Debug|x64
		{9929DC2D-C8D5-4200-BC27-969819FCA2AD}.Debug|x86.ActiveCfg = Debug|x86
		{9929DC2D-C8D5-4200-BC27-969819FCA2AD}.Debug|x86.Build.0 = Debug|x86
		{9929DC2D-C8D5-4200-BC27-969819FCA2AD}.Debug|x86.Deploy.0 = Debug|x86
		{9929DC2D-C8D5-4200-BC27-969819FCA2AD}.Release|Any CPU.ActiveCfg = Release|x86
		{9929DC2D-C8D5-4200-BC27-969819FCA2AD}.Release|Any CPU.Build.0 = Release|x86
		{9929DC2D-C8D5-4200-BC27-969819FCA2AD}.Release|Any CPU.Deploy.0 = Release|x86
		{9929DC2D-C8D5-4200-BC27-969819FCA2AD}.Release|ARM.ActiveCfg = Release|ARM
		{9929DC2D-C8D5-4200-BC27-969819FCA2AD}.Release|ARM.Build.0 = Release|ARM
		{9929DC2D-C8D5-4200-BC27-969819FCA2AD}.Release|ARM.Deploy.0 = Release|ARM
		{9929DC2D-C8D5-4200-BC27-969819FCA2AD}.Release|iPhone.ActiveCfg = Release|x86
		{9929DC2D-C8D5-4200-BC27-969819FCA2AD}.Release|iPhone.Build.0 = Release|x86
		{9929DC2D-C8D5-4200-BC27-969819FCA2AD}.Release|iPhone.Deploy.0 = Release|x86
		{9929DC2D-C8D5-4200-BC27-969819FCA2AD}.Release|iPhoneSimulator.ActiveCfg = Release|x86
		{9929DC2D-C8D5-4200-BC27-969819FCA2AD}.Release|iPhoneSimulator.Build.0 = Release|x86
		{9929DC2D-C8D5-4200-BC27-969819FCA2AD}.Release|iPhoneSimulator.Deploy.0 = Release|x86
		{9929DC2D-C8D5-4200-BC27-969819FCA2AD}.Release|x64.ActiveCfg = Release|x64
		{9929DC2D-C8D5-4200-BC27-969819FCA2AD}.Release|x64.Build.0 = Release|x64
		{9929DC2D-C8D5-4200-BC27-969819FCA2AD}.Release|x64.Deploy.0 = Release|x64
		{9929DC2D-C8D5-4200-BC27-969819FCA2AD}.Release|x86.ActiveCfg = Release|x86
		{9929DC2D-C8D5-4200-BC27-969819FCA2AD}.Release|x86.Build.0 = Release|x86
		{9929DC2D-C8D5-4200-BC27-969819FCA2AD}.Release|x86.Deploy.0 = Release|x86
		{F3398531-3BB2-4AB9-8083-2A0F2FF61F17}.Debug|Any CPU.ActiveCfg = Debug|Any CPU
		{F3398531-3BB2-4AB9-8083-2A0F2FF61F17}.Debug|Any CPU.Build.0 = Debug|Any CPU
		{F3398531-3BB2-4AB9-8083-2A0F2FF61F17}.Debug|Any CPU.Deploy.0 = Debug|Any CPU
		{F3398531-3BB2-4AB9-8083-2A0F2FF61F17}.Debug|ARM.ActiveCfg = Debug|Any CPU
		{F3398531-3BB2-4AB9-8083-2A0F2FF61F17}.Debug|ARM.Build.0 = Debug|Any CPU
		{F3398531-3BB2-4AB9-8083-2A0F2FF61F17}.Debug|ARM.Deploy.0 = Debug|Any CPU
		{F3398531-3BB2-4AB9-8083-2A0F2FF61F17}.Debug|iPhone.ActiveCfg = Debug|Any CPU
		{F3398531-3BB2-4AB9-8083-2A0F2FF61F17}.Debug|iPhone.Build.0 = Debug|Any CPU
		{F3398531-3BB2-4AB9-8083-2A0F2FF61F17}.Debug|iPhone.Deploy.0 = Debug|Any CPU
		{F3398531-3BB2-4AB9-8083-2A0F2FF61F17}.Debug|iPhoneSimulator.ActiveCfg = Debug|Any CPU
		{F3398531-3BB2-4AB9-8083-2A0F2FF61F17}.Debug|iPhoneSimulator.Build.0 = Debug|Any CPU
		{F3398531-3BB2-4AB9-8083-2A0F2FF61F17}.Debug|iPhoneSimulator.Deploy.0 = Debug|Any CPU
		{F3398531-3BB2-4AB9-8083-2A0F2FF61F17}.Debug|x64.ActiveCfg = Debug|Any CPU
		{F3398531-3BB2-4AB9-8083-2A0F2FF61F17}.Debug|x64.Build.0 = Debug|Any CPU
		{F3398531-3BB2-4AB9-8083-2A0F2FF61F17}.Debug|x64.Deploy.0 = Debug|Any CPU
		{F3398531-3BB2-4AB9-8083-2A0F2FF61F17}.Debug|x86.ActiveCfg = Debug|Any CPU
		{F3398531-3BB2-4AB9-8083-2A0F2FF61F17}.Debug|x86.Build.0 = Debug|Any CPU
		{F3398531-3BB2-4AB9-8083-2A0F2FF61F17}.Debug|x86.Deploy.0 = Debug|Any CPU
		{F3398531-3BB2-4AB9-8083-2A0F2FF61F17}.Release|Any CPU.ActiveCfg = Release|Any CPU
		{F3398531-3BB2-4AB9-8083-2A0F2FF61F17}.Release|Any CPU.Build.0 = Release|Any CPU
		{F3398531-3BB2-4AB9-8083-2A0F2FF61F17}.Release|Any CPU.Deploy.0 = Release|Any CPU
		{F3398531-3BB2-4AB9-8083-2A0F2FF61F17}.Release|ARM.ActiveCfg = Release|Any CPU
		{F3398531-3BB2-4AB9-8083-2A0F2FF61F17}.Release|ARM.Build.0 = Release|Any CPU
		{F3398531-3BB2-4AB9-8083-2A0F2FF61F17}.Release|ARM.Deploy.0 = Release|Any CPU
		{F3398531-3BB2-4AB9-8083-2A0F2FF61F17}.Release|iPhone.ActiveCfg = Release|Any CPU
		{F3398531-3BB2-4AB9-8083-2A0F2FF61F17}.Release|iPhone.Build.0 = Release|Any CPU
		{F3398531-3BB2-4AB9-8083-2A0F2FF61F17}.Release|iPhone.Deploy.0 = Release|Any CPU
		{F3398531-3BB2-4AB9-8083-2A0F2FF61F17}.Release|iPhoneSimulator.ActiveCfg = Release|Any CPU
		{F3398531-3BB2-4AB9-8083-2A0F2FF61F17}.Release|iPhoneSimulator.Build.0 = Release|Any CPU
		{F3398531-3BB2-4AB9-8083-2A0F2FF61F17}.Release|iPhoneSimulator.Deploy.0 = Release|Any CPU
		{F3398531-3BB2-4AB9-8083-2A0F2FF61F17}.Release|x64.ActiveCfg = Release|Any CPU
		{F3398531-3BB2-4AB9-8083-2A0F2FF61F17}.Release|x64.Build.0 = Release|Any CPU
		{F3398531-3BB2-4AB9-8083-2A0F2FF61F17}.Release|x64.Deploy.0 = Release|Any CPU
		{F3398531-3BB2-4AB9-8083-2A0F2FF61F17}.Release|x86.ActiveCfg = Release|Any CPU
		{F3398531-3BB2-4AB9-8083-2A0F2FF61F17}.Release|x86.Build.0 = Release|Any CPU
		{F3398531-3BB2-4AB9-8083-2A0F2FF61F17}.Release|x86.Deploy.0 = Release|Any CPU
		{A3E0E57C-F57B-4173-9F76-D596C28EE474}.Debug|Any CPU.ActiveCfg = Debug|iPhone
		{A3E0E57C-F57B-4173-9F76-D596C28EE474}.Debug|Any CPU.Build.0 = Debug|iPhone
		{A3E0E57C-F57B-4173-9F76-D596C28EE474}.Debug|Any CPU.Deploy.0 = Debug|iPhone
		{A3E0E57C-F57B-4173-9F76-D596C28EE474}.Debug|ARM.ActiveCfg = Debug|iPhoneSimulator
		{A3E0E57C-F57B-4173-9F76-D596C28EE474}.Debug|ARM.Build.0 = Debug|iPhoneSimulator
		{A3E0E57C-F57B-4173-9F76-D596C28EE474}.Debug|ARM.Deploy.0 = Debug|iPhoneSimulator
		{A3E0E57C-F57B-4173-9F76-D596C28EE474}.Debug|iPhone.ActiveCfg = Debug|iPhone
		{A3E0E57C-F57B-4173-9F76-D596C28EE474}.Debug|iPhone.Build.0 = Debug|iPhone
		{A3E0E57C-F57B-4173-9F76-D596C28EE474}.Debug|iPhone.Deploy.0 = Debug|iPhone
		{A3E0E57C-F57B-4173-9F76-D596C28EE474}.Debug|iPhoneSimulator.ActiveCfg = Debug|iPhoneSimulator
		{A3E0E57C-F57B-4173-9F76-D596C28EE474}.Debug|iPhoneSimulator.Build.0 = Debug|iPhoneSimulator
		{A3E0E57C-F57B-4173-9F76-D596C28EE474}.Debug|iPhoneSimulator.Deploy.0 = Debug|iPhoneSimulator
		{A3E0E57C-F57B-4173-9F76-D596C28EE474}.Debug|x64.ActiveCfg = Debug|iPhone
		{A3E0E57C-F57B-4173-9F76-D596C28EE474}.Debug|x64.Build.0 = Debug|iPhone
		{A3E0E57C-F57B-4173-9F76-D596C28EE474}.Debug|x64.Deploy.0 = Debug|iPhone
		{A3E0E57C-F57B-4173-9F76-D596C28EE474}.Debug|x86.ActiveCfg = Debug|iPhone
		{A3E0E57C-F57B-4173-9F76-D596C28EE474}.Debug|x86.Build.0 = Debug|iPhone
		{A3E0E57C-F57B-4173-9F76-D596C28EE474}.Debug|x86.Deploy.0 = Debug|iPhone
		{A3E0E57C-F57B-4173-9F76-D596C28EE474}.Release|Any CPU.ActiveCfg = Release|iPhone
		{A3E0E57C-F57B-4173-9F76-D596C28EE474}.Release|Any CPU.Build.0 = Release|iPhone
		{A3E0E57C-F57B-4173-9F76-D596C28EE474}.Release|Any CPU.Deploy.0 = Release|iPhone
		{A3E0E57C-F57B-4173-9F76-D596C28EE474}.Release|ARM.ActiveCfg = Release|iPhone
		{A3E0E57C-F57B-4173-9F76-D596C28EE474}.Release|ARM.Build.0 = Release|iPhone
		{A3E0E57C-F57B-4173-9F76-D596C28EE474}.Release|ARM.Deploy.0 = Release|iPhone
		{A3E0E57C-F57B-4173-9F76-D596C28EE474}.Release|iPhone.ActiveCfg = Release|iPhone
		{A3E0E57C-F57B-4173-9F76-D596C28EE474}.Release|iPhone.Build.0 = Release|iPhone
		{A3E0E57C-F57B-4173-9F76-D596C28EE474}.Release|iPhone.Deploy.0 = Release|iPhone
		{A3E0E57C-F57B-4173-9F76-D596C28EE474}.Release|iPhoneSimulator.ActiveCfg = Release|iPhoneSimulator
		{A3E0E57C-F57B-4173-9F76-D596C28EE474}.Release|iPhoneSimulator.Build.0 = Release|iPhoneSimulator
		{A3E0E57C-F57B-4173-9F76-D596C28EE474}.Release|iPhoneSimulator.Deploy.0 = Release|iPhoneSimulator
		{A3E0E57C-F57B-4173-9F76-D596C28EE474}.Release|x64.ActiveCfg = Release|iPhone
		{A3E0E57C-F57B-4173-9F76-D596C28EE474}.Release|x64.Build.0 = Release|iPhone
		{A3E0E57C-F57B-4173-9F76-D596C28EE474}.Release|x64.Deploy.0 = Release|iPhone
		{A3E0E57C-F57B-4173-9F76-D596C28EE474}.Release|x86.ActiveCfg = Release|iPhone
		{A3E0E57C-F57B-4173-9F76-D596C28EE474}.Release|x86.Build.0 = Release|iPhone
		{A3E0E57C-F57B-4173-9F76-D596C28EE474}.Release|x86.Deploy.0 = Release|iPhone
		{8C73B9CD-B7E3-4145-A045-8EB80324CDE3}.Debug|Any CPU.ActiveCfg = Debug|Any CPU
		{8C73B9CD-B7E3-4145-A045-8EB80324CDE3}.Debug|Any CPU.Build.0 = Debug|Any CPU
		{8C73B9CD-B7E3-4145-A045-8EB80324CDE3}.Debug|Any CPU.Deploy.0 = Debug|Any CPU
		{8C73B9CD-B7E3-4145-A045-8EB80324CDE3}.Debug|ARM.ActiveCfg = Debug|Any CPU
		{8C73B9CD-B7E3-4145-A045-8EB80324CDE3}.Debug|ARM.Build.0 = Debug|Any CPU
		{8C73B9CD-B7E3-4145-A045-8EB80324CDE3}.Debug|ARM.Deploy.0 = Debug|Any CPU
		{8C73B9CD-B7E3-4145-A045-8EB80324CDE3}.Debug|iPhone.ActiveCfg = Debug|Any CPU
		{8C73B9CD-B7E3-4145-A045-8EB80324CDE3}.Debug|iPhone.Build.0 = Debug|Any CPU
		{8C73B9CD-B7E3-4145-A045-8EB80324CDE3}.Debug|iPhone.Deploy.0 = Debug|Any CPU
		{8C73B9CD-B7E3-4145-A045-8EB80324CDE3}.Debug|iPhoneSimulator.ActiveCfg = Debug|Any CPU
		{8C73B9CD-B7E3-4145-A045-8EB80324CDE3}.Debug|iPhoneSimulator.Build.0 = Debug|Any CPU
		{8C73B9CD-B7E3-4145-A045-8EB80324CDE3}.Debug|iPhoneSimulator.Deploy.0 = Debug|Any CPU
		{8C73B9CD-B7E3-4145-A045-8EB80324CDE3}.Debug|x64.ActiveCfg = Debug|Any CPU
		{8C73B9CD-B7E3-4145-A045-8EB80324CDE3}.Debug|x64.Build.0 = Debug|Any CPU
		{8C73B9CD-B7E3-4145-A045-8EB80324CDE3}.Debug|x64.Deploy.0 = Debug|Any CPU
		{8C73B9CD-B7E3-4145-A045-8EB80324CDE3}.Debug|x86.ActiveCfg = Debug|Any CPU
		{8C73B9CD-B7E3-4145-A045-8EB80324CDE3}.Debug|x86.Build.0 = Debug|Any CPU
		{8C73B9CD-B7E3-4145-A045-8EB80324CDE3}.Debug|x86.Deploy.0 = Debug|Any CPU
		{8C73B9CD-B7E3-4145-A045-8EB80324CDE3}.Release|Any CPU.ActiveCfg = Release|Any CPU
		{8C73B9CD-B7E3-4145-A045-8EB80324CDE3}.Release|Any CPU.Build.0 = Release|Any CPU
		{8C73B9CD-B7E3-4145-A045-8EB80324CDE3}.Release|Any CPU.Deploy.0 = Release|Any CPU
		{8C73B9CD-B7E3-4145-A045-8EB80324CDE3}.Release|ARM.ActiveCfg = Release|Any CPU
		{8C73B9CD-B7E3-4145-A045-8EB80324CDE3}.Release|ARM.Build.0 = Release|Any CPU
		{8C73B9CD-B7E3-4145-A045-8EB80324CDE3}.Release|ARM.Deploy.0 = Release|Any CPU
		{8C73B9CD-B7E3-4145-A045-8EB80324CDE3}.Release|iPhone.ActiveCfg = Release|Any CPU
		{8C73B9CD-B7E3-4145-A045-8EB80324CDE3}.Release|iPhone.Build.0 = Release|Any CPU
		{8C73B9CD-B7E3-4145-A045-8EB80324CDE3}.Release|iPhone.Deploy.0 = Release|Any CPU
		{8C73B9CD-B7E3-4145-A045-8EB80324CDE3}.Release|iPhoneSimulator.ActiveCfg = Release|Any CPU
		{8C73B9CD-B7E3-4145-A045-8EB80324CDE3}.Release|iPhoneSimulator.Build.0 = Release|Any CPU
		{8C73B9CD-B7E3-4145-A045-8EB80324CDE3}.Release|iPhoneSimulator.Deploy.0 = Release|Any CPU
		{8C73B9CD-B7E3-4145-A045-8EB80324CDE3}.Release|x64.ActiveCfg = Release|Any CPU
		{8C73B9CD-B7E3-4145-A045-8EB80324CDE3}.Release|x64.Build.0 = Release|Any CPU
		{8C73B9CD-B7E3-4145-A045-8EB80324CDE3}.Release|x64.Deploy.0 = Release|Any CPU
		{8C73B9CD-B7E3-4145-A045-8EB80324CDE3}.Release|x86.ActiveCfg = Release|Any CPU
		{8C73B9CD-B7E3-4145-A045-8EB80324CDE3}.Release|x86.Build.0 = Release|Any CPU
		{8C73B9CD-B7E3-4145-A045-8EB80324CDE3}.Release|x86.Deploy.0 = Release|Any CPU
	EndGlobalSection
	GlobalSection(SolutionProperties) = preSolution
		HideSolutionNode = FALSE
	EndGlobalSection
	GlobalSection(ExtensibilityGlobals) = postSolution
		SolutionGuid = {6C867CF7-D857-485C-ABF8-F09911DF6AF2}
	EndGlobalSection
EndGlobal
